
Microsoft Visual Studio Solution File, Format Version 12.00
# Visual Studio 2017
Project("{FAE04EC0-301F-11D3-BF4B-00C04F79EFBC}") = "MothershipDefender2.Plugins", "MothershipDefender2.Plugins.csproj", "{56B69951-67AB-B41D-5877-7F4BA42AA1A9}"
EndProject
Project("{FAE04EC0-301F-11D3-BF4B-00C04F79EFBC}") = "MothershipDefender2", "MothershipDefender2.csproj", "{B4C64B46-61B4-2981-1CAC-A69BF5251803}"
EndProject
Project("{FAE04EC0-301F-11D3-BF4B-00C04F79EFBC}") = "MothershipDefender2.Editor.Plugins", "MothershipDefender2.Editor.Plugins.csproj", "{5AF546FF-B183-2EDE-B60F-30DEFA132881}"
EndProject
Global
	GlobalSection(SolutionConfigurationPlatforms) = preSolution
		Debug|Any CPU = Debug|Any CPU
		Release|Any CPU = Release|Any CPU
	EndGlobalSection
	GlobalSection(ProjectConfigurationPlatforms) = postSolution
		{56B69951-67AB-B41D-5877-7F4BA42AA1A9}.Debug|Any CPU.ActiveCfg = Debug|Any CPU
		{56B69951-67AB-B41D-5877-7F4BA42AA1A9}.Debug|Any CPU.Build.0 = Debug|Any CPU
		{56B69951-67AB-B41D-5877-7F4BA42AA1A9}.Release|Any CPU.ActiveCfg = Release|Any CPU
		{56B69951-67AB-B41D-5877-7F4BA42AA1A9}.Release|Any CPU.Build.0 = Release|Any CPU
		{B4C64B46-61B4-2981-1CAC-A69BF5251803}.Debug|Any CPU.ActiveCfg = Debug|Any CPU
		{B4C64B46-61B4-2981-1CAC-A69BF5251803}.Debug|Any CPU.Build.0 = Debug|Any CPU
		{B4C64B46-61B4-2981-1CAC-A69BF5251803}.Release|Any CPU.ActiveCfg = Release|Any CPU
		{B4C64B46-61B4-2981-1CAC-A69BF5251803}.Release|Any CPU.Build.0 = Release|Any CPU
		{5AF546FF-B183-2EDE-B60F-30DEFA132881}.Debug|Any CPU.ActiveCfg = Debug|Any CPU
		{5AF546FF-B183-2EDE-B60F-30DEFA132881}.Debug|Any CPU.Build.0 = Debug|Any CPU
		{5AF546FF-B183-2EDE-B60F-30DEFA132881}.Release|Any CPU.ActiveCfg = Release|Any CPU
		{5AF546FF-B183-2EDE-B60F-30DEFA132881}.Release|Any CPU.Build.0 = Release|Any CPU
	EndGlobalSection
	GlobalSection(SolutionProperties) = preSolution
		HideSolutionNode = FALSE
	EndGlobalSection
EndGlobal
